
Microsoft Visual Studio Solution File, Format Version 12.00
# Visual Studio Version 17
VisualStudioVersion = 17.3.32922.545
MinimumVisualStudioVersion = 10.0.40219.1
Project("{FAE04EC0-301F-11D3-BF4B-00C04F79EFBC}") = "DependencyInjection", "DependencyInjection.csproj", "{7E2D00C1-00BB-40EF-BB70-2F7EFA520C23}"
EndProject
Global
	GlobalSection(SolutionConfigurationPlatforms) = preSolution
		Debug|Any CPU = Debug|Any CPU
		Release|Any CPU = Release|Any CPU
	EndGlobalSection
	GlobalSection(ProjectConfigurationPlatforms) = postSolution
		{7E2D00C1-00BB-40EF-BB70-2F7EFA520C23}.Debug|Any CPU.ActiveCfg = Debug|Any CPU
		{7E2D00C1-00BB-40EF-BB70-2F7EFA520C23}.Debug|Any CPU.Build.0 = Debug|Any CPU
		{7E2D00C1-00BB-40EF-BB70-2F7EFA520C23}.Release|Any CPU.ActiveCfg = Release|Any CPU
		{7E2D00C1-00BB-40EF-BB70-2F7EFA520C23}.Release|Any CPU.Build.0 = Release|Any CPU
	EndGlobalSection
	GlobalSection(SolutionProperties) = preSolution
		HideSolutionNode = FALSE
	EndGlobalSection
	GlobalSection(ExtensibilityGlobals) = postSolution
		SolutionGuid = {D361244C-67CE-422A-9375-6DF576B0F4FD}
	EndGlobalSection
EndGlobal
